
Microsoft Visual Studio Solution File, Format Version 12.00
# Visual Studio Version 16
VisualStudioVersion = 16.0.31515.178
MinimumVisualStudioVersion = 10.0.40219.1
Project("{FAE04EC0-301F-11D3-BF4B-00C04F79EFBC}") = "LearningAPI", "LearningAPI\LearningAPI.csproj", "{D59935A0-45E0-4231-A6FA-72C13F8D8506}"
EndProject
Global
	GlobalSection(SolutionConfigurationPlatforms) = preSolution
		Debug|Any CPU = Debug|Any CPU
		Release|Any CPU = Release|Any CPU
	EndGlobalSection
	GlobalSection(ProjectConfigurationPlatforms) = postSolution
		{D59935A0-45E0-4231-A6FA-72C13F8D8506}.Debug|Any CPU.ActiveCfg = Debug|Any CPU
		{D59935A0-45E0-4231-A6FA-72C13F8D8506}.Debug|Any CPU.Build.0 = Debug|Any CPU
		{D59935A0-45E0-4231-A6FA-72C13F8D8506}.Release|Any CPU.ActiveCfg = Release|Any CPU
		{D59935A0-45E0-4231-A6FA-72C13F8D8506}.Release|Any CPU.Build.0 = Release|Any CPU
	EndGlobalSection
	GlobalSection(SolutionProperties) = preSolution
		HideSolutionNode = FALSE
	EndGlobalSection
	GlobalSection(ExtensibilityGlobals) = postSolution
		SolutionGuid = {27CC23CD-1225-4C59-8D35-F35B3CCD3F5F}
	EndGlobalSection
EndGlobal
